
Microsoft Visual Studio Solution File, Format Version 12.00
# Visual Studio Version 16
VisualStudioVersion = 16.0.31729.503
MinimumVisualStudioVersion = 10.0.40219.1
Project("{FAE04EC0-301F-11D3-BF4B-00C04F79EFBC}") = "LayoutNhom08", "LayoutNhom08\LayoutNhom08.csproj", "{42B76047-AB73-420A-BB49-F9F6BDB0D366}"
EndProject
Global
	GlobalSection(SolutionConfigurationPlatforms) = preSolution
		Debug|Any CPU = Debug|Any CPU
		Release|Any CPU = Release|Any CPU
	EndGlobalSection
	GlobalSection(ProjectConfigurationPlatforms) = postSolution
		{42B76047-AB73-420A-BB49-F9F6BDB0D366}.Debug|Any CPU.ActiveCfg = Debug|Any CPU
		{42B76047-AB73-420A-BB49-F9F6BDB0D366}.Debug|Any CPU.Build.0 = Debug|Any CPU
		{42B76047-AB73-420A-BB49-F9F6BDB0D366}.Release|Any CPU.ActiveCfg = Release|Any CPU
		{42B76047-AB73-420A-BB49-F9F6BDB0D366}.Release|Any CPU.Build.0 = Release|Any CPU
	EndGlobalSection
	GlobalSection(SolutionProperties) = preSolution
		HideSolutionNode = FALSE
	EndGlobalSection
	GlobalSection(ExtensibilityGlobals) = postSolution
		SolutionGuid = {D7E2C17D-16D8-4CEC-9BF2-7425E7B709DA}
	EndGlobalSection
EndGlobal
